
Microsoft Visual Studio Solution File, Format Version 12.00
# Visual Studio Version 17
VisualStudioVersion = 17.4.33110.190
MinimumVisualStudioVersion = 10.0.40219.1
Project("{9A19103F-16F7-4668-BE54-9A1E7A4F7556}") = "BH2KFM_HFT_2023241.Client", "BH2KFM_HFT_2023241.Client\BH2KFM_HFT_2023241.Client.csproj", "{7A1ECB9C-8067-4700-B963-34B3543C8A57}"
EndProject
Project("{9A19103F-16F7-4668-BE54-9A1E7A4F7556}") = "BH2KFM_HFT_2023241.Models", "BH2KFM_HFT_2023241.Models\BH2KFM_HFT_2023241.Models.csproj", "{3058EFBC-7182-4564-BDE9-25D71EDD993B}"
EndProject
Project("{9A19103F-16F7-4668-BE54-9A1E7A4F7556}") = "BH2KFM_HFT_2023241.Logic", "BH2KFM_HFT_2023241.Logic\BH2KFM_HFT_2023241.Logic.csproj", "{D8BCD7A1-67AE-4419-AC51-CD359369550E}"
EndProject
Project("{9A19103F-16F7-4668-BE54-9A1E7A4F7556}") = "BH2KFM_HFT_2023241.Repository", "BH2KFM_HFT_2023241.Repository\BH2KFM_HFT_2023241.Repository.csproj", "{880B9C78-5E8C-44DD-87A6-D14FED8FBAD2}"
EndProject
Project("{9A19103F-16F7-4668-BE54-9A1E7A4F7556}") = "BH2KFM_HFT_2023241.Endpoint", "BH2KFM_HFT_2023241.Endpoint\BH2KFM_HFT_2023241.Endpoint.csproj", "{3BF07CB5-D482-406A-9BB4-36496824C430}"
EndProject
Project("{9A19103F-16F7-4668-BE54-9A1E7A4F7556}") = "BH2KFM_HFT_2023241.Test", "BH2KFM_HFT_2023241.Test\BH2KFM_HFT_2023241.Test.csproj", "{F9B61384-5BD2-4A10-9F95-8D5B0E7A6D8B}"
EndProject
Project("{2150E333-8FDC-42A3-9474-1A3956D46DE8}") = "Backend", "Backend", "{D186FE94-F282-4CFA-91D0-5DA7FBB46557}"
EndProject
Project("{2150E333-8FDC-42A3-9474-1A3956D46DE8}") = "Frontend", "Frontend", "{328790FA-4404-4F34-9280-FDC43CF3502E}"
EndProject
Project("{2150E333-8FDC-42A3-9474-1A3956D46DE8}") = "Shared", "Shared", "{C330CE2F-3188-46A7-8490-E896C41275A6}"
EndProject
Project("{2150E333-8FDC-42A3-9474-1A3956D46DE8}") = "Others", "Others", "{E104F70F-607E-4142-843B-8DFCE2082B08}"
	ProjectSection(SolutionItems) = preProject
		.gitignore = .gitignore
	EndProjectSection
EndProject
Global
	GlobalSection(SolutionConfigurationPlatforms) = preSolution
		Debug|Any CPU = Debug|Any CPU
		Release|Any CPU = Release|Any CPU
	EndGlobalSection
	GlobalSection(ProjectConfigurationPlatforms) = postSolution
		{7A1ECB9C-8067-4700-B963-34B3543C8A57}.Debug|Any CPU.ActiveCfg = Debug|Any CPU
		{7A1ECB9C-8067-4700-B963-34B3543C8A57}.Debug|Any CPU.Build.0 = Debug|Any CPU
		{7A1ECB9C-8067-4700-B963-34B3543C8A57}.Release|Any CPU.ActiveCfg = Release|Any CPU
		{7A1ECB9C-8067-4700-B963-34B3543C8A57}.Release|Any CPU.Build.0 = Release|Any CPU
		{3058EFBC-7182-4564-BDE9-25D71EDD993B}.Debug|Any CPU.ActiveCfg = Debug|Any CPU
		{3058EFBC-7182-4564-BDE9-25D71EDD993B}.Debug|Any CPU.Build.0 = Debug|Any CPU
		{3058EFBC-7182-4564-BDE9-25D71EDD993B}.Release|Any CPU.ActiveCfg = Release|Any CPU
		{3058EFBC-7182-4564-BDE9-25D71EDD993B}.Release|Any CPU.Build.0 = Release|Any CPU
		{D8BCD7A1-67AE-4419-AC51-CD359369550E}.Debug|Any CPU.ActiveCfg = Debug|Any CPU
		{D8BCD7A1-67AE-4419-AC51-CD359369550E}.Debug|Any CPU.Build.0 = Debug|Any CPU
		{D8BCD7A1-67AE-4419-AC51-CD359369550E}.Release|Any CPU.ActiveCfg = Release|Any CPU
		{D8BCD7A1-67AE-4419-AC51-CD359369550E}.Release|Any CPU.Build.0 = Release|Any CPU
		{880B9C78-5E8C-44DD-87A6-D14FED8FBAD2}.Debug|Any CPU.ActiveCfg = Debug|Any CPU
		{880B9C78-5E8C-44DD-87A6-D14FED8FBAD2}.Debug|Any CPU.Build.0 = Debug|Any CPU
		{880B9C78-5E8C-44DD-87A6-D14FED8FBAD2}.Release|Any CPU.ActiveCfg = Release|Any CPU
		{880B9C78-5E8C-44DD-87A6-D14FED8FBAD2}.Release|Any CPU.Build.0 = Release|Any CPU
		{3BF07CB5-D482-406A-9BB4-36496824C430}.Debug|Any CPU.ActiveCfg = Debug|Any CPU
		{3BF07CB5-D482-406A-9BB4-36496824C430}.Debug|Any CPU.Build.0 = Debug|Any CPU
		{3BF07CB5-D482-406A-9BB4-36496824C430}.Release|Any CPU.ActiveCfg = Release|Any CPU
		{3BF07CB5-D482-406A-9BB4-36496824C430}.Release|Any CPU.Build.0 = Release|Any CPU
		{F9B61384-5BD2-4A10-9F95-8D5B0E7A6D8B}.Debug|Any CPU.ActiveCfg = Debug|Any CPU
		{F9B61384-5BD2-4A10-9F95-8D5B0E7A6D8B}.Debug|Any CPU.Build.0 = Debug|Any CPU
		{F9B61384-5BD2-4A10-9F95-8D5B0E7A6D8B}.Release|Any CPU.ActiveCfg = Release|Any CPU
		{F9B61384-5BD2-4A10-9F95-8D5B0E7A6D8B}.Release|Any CPU.Build.0 = Release|Any CPU
	EndGlobalSection
	GlobalSection(SolutionProperties) = preSolution
		HideSolutionNode = FALSE
	EndGlobalSection
	GlobalSection(NestedProjects) = preSolution
		{7A1ECB9C-8067-4700-B963-34B3543C8A57} = {328790FA-4404-4F34-9280-FDC43CF3502E}
		{3058EFBC-7182-4564-BDE9-25D71EDD993B} = {C330CE2F-3188-46A7-8490-E896C41275A6}
		{D8BCD7A1-67AE-4419-AC51-CD359369550E} = {D186FE94-F282-4CFA-91D0-5DA7FBB46557}
		{880B9C78-5E8C-44DD-87A6-D14FED8FBAD2} = {D186FE94-F282-4CFA-91D0-5DA7FBB46557}
		{3BF07CB5-D482-406A-9BB4-36496824C430} = {D186FE94-F282-4CFA-91D0-5DA7FBB46557}
		{F9B61384-5BD2-4A10-9F95-8D5B0E7A6D8B} = {D186FE94-F282-4CFA-91D0-5DA7FBB46557}
	EndGlobalSection
	GlobalSection(ExtensibilityGlobals) = postSolution
		SolutionGuid = {808084F1-DA95-4808-8EDF-554230B4FDCA}
	EndGlobalSection
EndGlobal
